
Microsoft Visual Studio Solution File, Format Version 12.00
# Visual Studio Version 16
VisualStudioVersion = 16.0.31424.327
MinimumVisualStudioVersion = 10.0.40219.1
Project("{FAE04EC0-301F-11D3-BF4B-00C04F79EFBC}") = "RepoTask", "RepoTask\RepoTask.csproj", "{44DA3160-9FC4-408B-835D-D6027AA3B11B}"
EndProject
Project("{FAE04EC0-301F-11D3-BF4B-00C04F79EFBC}") = "RepositaryEF", "RepositaryEF\RepositaryEF.csproj", "{337DD688-7FAA-4AA6-8488-CD3BD6A630E7}"
EndProject
Project("{FAE04EC0-301F-11D3-BF4B-00C04F79EFBC}") = "Repositary.core", "Repositary.core\Repositary.core.csproj", "{86A0154B-456D-4C0F-B39C-F2280376B533}"
EndProject
Global
	GlobalSection(SolutionConfigurationPlatforms) = preSolution
		Debug|Any CPU = Debug|Any CPU
		Release|Any CPU = Release|Any CPU
	EndGlobalSection
	GlobalSection(ProjectConfigurationPlatforms) = postSolution
		{44DA3160-9FC4-408B-835D-D6027AA3B11B}.Debug|Any CPU.ActiveCfg = Debug|Any CPU
		{44DA3160-9FC4-408B-835D-D6027AA3B11B}.Debug|Any CPU.Build.0 = Debug|Any CPU
		{44DA3160-9FC4-408B-835D-D6027AA3B11B}.Release|Any CPU.ActiveCfg = Release|Any CPU
		{44DA3160-9FC4-408B-835D-D6027AA3B11B}.Release|Any CPU.Build.0 = Release|Any CPU
		{337DD688-7FAA-4AA6-8488-CD3BD6A630E7}.Debug|Any CPU.ActiveCfg = Debug|Any CPU
		{337DD688-7FAA-4AA6-8488-CD3BD6A630E7}.Debug|Any CPU.Build.0 = Debug|Any CPU
		{337DD688-7FAA-4AA6-8488-CD3BD6A630E7}.Release|Any CPU.ActiveCfg = Release|Any CPU
		{337DD688-7FAA-4AA6-8488-CD3BD6A630E7}.Release|Any CPU.Build.0 = Release|Any CPU
		{86A0154B-456D-4C0F-B39C-F2280376B533}.Debug|Any CPU.ActiveCfg = Debug|Any CPU
		{86A0154B-456D-4C0F-B39C-F2280376B533}.Debug|Any CPU.Build.0 = Debug|Any CPU
		{86A0154B-456D-4C0F-B39C-F2280376B533}.Release|Any CPU.ActiveCfg = Release|Any CPU
		{86A0154B-456D-4C0F-B39C-F2280376B533}.Release|Any CPU.Build.0 = Release|Any CPU
	EndGlobalSection
	GlobalSection(SolutionProperties) = preSolution
		HideSolutionNode = FALSE
	EndGlobalSection
	GlobalSection(ExtensibilityGlobals) = postSolution
		SolutionGuid = {C5371433-C915-4D07-ACB4-36C4B987817C}
	EndGlobalSection
EndGlobal
